// !$*UTF8*$!
{
	archiveVersion = 1;
	classes = {
	};
	objectVersion = 50;
	objects = {

/* Begin PBXBuildFile section */
		F67CB11926E8899900C6D6FF /* AppDelegate.swift in Sources */ = {isa = PBXBuildFile; fileRef = F67CB11826E8899900C6D6FF /* AppDelegate.swift */; };
		F67CB11B26E8899900C6D6FF /* SceneDelegate.swift in Sources */ = {isa = PBXBuildFile; fileRef = F67CB11A26E8899900C6D6FF /* SceneDelegate.swift */; };
		F67CB11D26E8899900C6D6FF /* AddAppointmentViewController.swift in Sources */ = {isa = PBXBuildFile; fileRef = F67CB11C26E8899900C6D6FF /* AddAppointmentViewController.swift */; };
		F67CB12226E8899C00C6D6FF /* Assets.xcassets in Resources */ = {isa = PBXBuildFile; fileRef = F67CB12126E8899C00C6D6FF /* Assets.xcassets */; };
		F67CB12526E8899C00C6D6FF /* LaunchScreen.storyboard in Resources */ = {isa = PBXBuildFile; fileRef = F67CB12326E8899C00C6D6FF /* LaunchScreen.storyboard */; };
		F67CB12F26E8975000C6D6FF /* FormModel.swift in Sources */ = {isa = PBXBuildFile; fileRef = F67CB12E26E8975000C6D6FF /* FormModel.swift */; };
		F67CB13226E8A19C00C6D6FF /* FormContentBuilderImplementation.swift in Sources */ = {isa = PBXBuildFile; fileRef = F67CB13126E8A19C00C6D6FF /* FormContentBuilderImplementation.swift */; };
		F67CB13426E8A36300C6D6FF /* FormField.swift in Sources */ = {isa = PBXBuildFile; fileRef = F67CB13326E8A36300C6D6FF /* FormField.swift */; };
		F67CB13726E8DF1300C6D6FF /* UICollectionViewCell+Extension.swift in Sources */ = {isa = PBXBuildFile; fileRef = F67CB13626E8DF1300C6D6FF /* UICollectionViewCell+Extension.swift */; };
		F67CB13A26E8E05000C6D6FF /* FormButtonCollectionViewCell.swift in Sources */ = {isa = PBXBuildFile; fileRef = F67CB13926E8E05000C6D6FF /* FormButtonCollectionViewCell.swift */; };
		F67CB13D26E98B8A00C6D6FF /* FormTextCollectionViewCell.swift in Sources */ = {isa = PBXBuildFile; fileRef = F67CB13C26E98B8A00C6D6FF /* FormTextCollectionViewCell.swift */; };
		F67CB13F26E98BBE00C6D6FF /* FormDateCollectionViewCell.swift in Sources */ = {isa = PBXBuildFile; fileRef = F67CB13E26E98BBE00C6D6FF /* FormDateCollectionViewCell.swift */; };
		F67CB14326E98C1900C6D6FF /* FormCompositionalLayout.swift in Sources */ = {isa = PBXBuildFile; fileRef = F67CB14226E98C1900C6D6FF /* FormCompositionalLayout.swift */; };
		F67CB14626E99EFB00C6D6FF /* HomeScreenViewController.swift in Sources */ = {isa = PBXBuildFile; fileRef = F67CB14526E99EFB00C6D6FF /* HomeScreenViewController.swift */; };
/* End PBXBuildFile section */

/* Begin PBXFileReference section */
		F67CB11526E8899900C6D6FF /* RestaurantBookign.app */ = {isa = PBXFileReference; explicitFileType = wrapper.application; includeInIndex = 0; path = RestaurantBookign.app; sourceTree = BUILT_PRODUCTS_DIR; };
		F67CB11826E8899900C6D6FF /* AppDelegate.swift */ = {isa = PBXFileReference; lastKnownFileType = sourcecode.swift; path = AppDelegate.swift; sourceTree = "<group>"; };
		F67CB11A26E8899900C6D6FF /* SceneDelegate.swift */ = {isa = PBXFileReference; lastKnownFileType = sourcecode.swift; path = SceneDelegate.swift; sourceTree = "<group>"; };
		F67CB11C26E8899900C6D6FF /* AddAppointmentViewController.swift */ = {isa = PBXFileReference; lastKnownFileType = sourcecode.swift; path = AddAppointmentViewController.swift; sourceTree = "<group>"; };
		F67CB12126E8899C00C6D6FF /* Assets.xcassets */ = {isa = PBXFileReference; lastKnownFileType = folder.assetcatalog; path = Assets.xcassets; sourceTree = "<group>"; };
		F67CB12426E8899C00C6D6FF /* Base */ = {isa = PBXFileReference; lastKnownFileType = file.storyboard; name = Base; path = Base.lproj/LaunchScreen.storyboard; sourceTree = "<group>"; };
		F67CB12626E8899C00C6D6FF /* Info.plist */ = {isa = PBXFileReference; lastKnownFileType = text.plist.xml; path = Info.plist; sourceTree = "<group>"; };
		F67CB12E26E8975000C6D6FF /* FormModel.swift */ = {isa = PBXFileReference; lastKnownFileType = sourcecode.swift; path = FormModel.swift; sourceTree = "<group>"; };
		F67CB13126E8A19C00C6D6FF /* FormContentBuilderImplementation.swift */ = {isa = PBXFileReference; lastKnownFileType = sourcecode.swift; path = FormContentBuilderImplementation.swift; sourceTree = "<group>"; };
		F67CB13326E8A36300C6D6FF /* FormField.swift */ = {isa = PBXFileReference; lastKnownFileType = sourcecode.swift; path = FormField.swift; sourceTree = "<group>"; };
		F67CB13626E8DF1300C6D6FF /* UICollectionViewCell+Extension.swift */ = {isa = PBXFileReference; lastKnownFileType = sourcecode.swift; path = "UICollectionViewCell+Extension.swift"; sourceTree = "<group>"; };
		F67CB13926E8E05000C6D6FF /* FormButtonCollectionViewCell.swift */ = {isa = PBXFileReference; lastKnownFileType = sourcecode.swift; path = FormButtonCollectionViewCell.swift; sourceTree = "<group>"; };
		F67CB13C26E98B8A00C6D6FF /* FormTextCollectionViewCell.swift */ = {isa = PBXFileReference; lastKnownFileType = sourcecode.swift; path = FormTextCollectionViewCell.swift; sourceTree = "<group>"; };
		F67CB13E26E98BBE00C6D6FF /* FormDateCollectionViewCell.swift */ = {isa = PBXFileReference; lastKnownFileType = sourcecode.swift; path = FormDateCollectionViewCell.swift; sourceTree = "<group>"; };
		F67CB14226E98C1900C6D6FF /* FormCompositionalLayout.swift */ = {isa = PBXFileReference; lastKnownFileType = sourcecode.swift; path = FormCompositionalLayout.swift; sourceTree = "<group>"; };
		F67CB14526E99EFB00C6D6FF /* HomeScreenViewController.swift */ = {isa = PBXFileReference; lastKnownFileType = sourcecode.swift; path = HomeScreenViewController.swift; sourceTree = "<group>"; };
/* End PBXFileReference section */

/* Begin PBXFrameworksBuildPhase section */
		F67CB11226E8899900C6D6FF /* Frameworks */ = {
			isa = PBXFrameworksBuildPhase;
			buildActionMask = 2147483647;
			files = (
			);
			runOnlyForDeploymentPostprocessing = 0;
		};
/* End PBXFrameworksBuildPhase section */

/* Begin PBXGroup section */
		F67CB10C26E8899900C6D6FF = {
			isa = PBXGroup;
			children = (
				F67CB11726E8899900C6D6FF /* RestaurantBookign */,
				F67CB11626E8899900C6D6FF /* Products */,
			);
			sourceTree = "<group>";
		};
		F67CB11626E8899900C6D6FF /* Products */ = {
			isa = PBXGroup;
			children = (
				F67CB11526E8899900C6D6FF /* RestaurantBookign.app */,
			);
			name = Products;
			sourceTree = "<group>";
		};
		F67CB11726E8899900C6D6FF /* RestaurantBookign */ = {
			isa = PBXGroup;
			children = (
				F67CB13B26E8E06600C6D6FF /* CustomUI */,
				F67CB13526E8DF0000C6D6FF /* Extensions */,
				F67CB13026E8A18B00C6D6FF /* FormContent */,
				F67CB12D26E8973F00C6D6FF /* FormModel */,
				F67CB12C26E8937400C6D6FF /* Scenes */,
				F67CB11826E8899900C6D6FF /* AppDelegate.swift */,
				F67CB11A26E8899900C6D6FF /* SceneDelegate.swift */,
				F67CB12126E8899C00C6D6FF /* Assets.xcassets */,
				F67CB12326E8899C00C6D6FF /* LaunchScreen.storyboard */,
				F67CB12626E8899C00C6D6FF /* Info.plist */,
			);
			path = RestaurantBookign;
			sourceTree = "<group>";
		};
		F67CB12C26E8937400C6D6FF /* Scenes */ = {
			isa = PBXGroup;
			children = (
				F67CB14426E996BA00C6D6FF /* HomeScreen */,
				F67CB13826E8E01800C6D6FF /* AddAppointment */,
			);
			path = Scenes;
			sourceTree = "<group>";
		};
		F67CB12D26E8973F00C6D6FF /* FormModel */ = {
			isa = PBXGroup;
			children = (
				F67CB12E26E8975000C6D6FF /* FormModel.swift */,
				F67CB13326E8A36300C6D6FF /* FormField.swift */,
			);
			path = FormModel;
			sourceTree = "<group>";
		};
		F67CB13026E8A18B00C6D6FF /* FormContent */ = {
			isa = PBXGroup;
			children = (
				F67CB13126E8A19C00C6D6FF /* FormContentBuilderImplementation.swift */,
			);
			path = FormContent;
			sourceTree = "<group>";
		};
		F67CB13526E8DF0000C6D6FF /* Extensions */ = {
			isa = PBXGroup;
			children = (
				F67CB13626E8DF1300C6D6FF /* UICollectionViewCell+Extension.swift */,
			);
			path = Extensions;
			sourceTree = "<group>";
		};
		F67CB13826E8E01800C6D6FF /* AddAppointment */ = {
			isa = PBXGroup;
			children = (
				F67CB11C26E8899900C6D6FF /* AddAppointmentViewController.swift */,
			);
			path = AddAppointment;
			sourceTree = "<group>";
		};
		F67CB13B26E8E06600C6D6FF /* CustomUI */ = {
			isa = PBXGroup;
			children = (
				F67CB14126E98BEF00C6D6FF /* Layout */,
				F67CB14026E98BE500C6D6FF /* ReusableUI */,
			);
			path = CustomUI;
			sourceTree = "<group>";
		};
		F67CB14026E98BE500C6D6FF /* ReusableUI */ = {
			isa = PBXGroup;
			children = (
				F67CB13926E8E05000C6D6FF /* FormButtonCollectionViewCell.swift */,
				F67CB13C26E98B8A00C6D6FF /* FormTextCollectionViewCell.swift */,
				F67CB13E26E98BBE00C6D6FF /* FormDateCollectionViewCell.swift */,
			);
			path = ReusableUI;
			sourceTree = "<group>";
		};
		F67CB14126E98BEF00C6D6FF /* Layout */ = {
			isa = PBXGroup;
			children = (
				F67CB14226E98C1900C6D6FF /* FormCompositionalLayout.swift */,
			);
			path = Layout;
			sourceTree = "<group>";
		};
		F67CB14426E996BA00C6D6FF /* HomeScreen */ = {
			isa = PBXGroup;
			children = (
				F67CB14526E99EFB00C6D6FF /* HomeScreenViewController.swift */,
			);
			path = HomeScreen;
			sourceTree = "<group>";
		};
/* End PBXGroup section */

/* Begin PBXNativeTarget section */
		F67CB11426E8899900C6D6FF /* RestaurantBookign */ = {
			isa = PBXNativeTarget;
			buildConfigurationList = F67CB12926E8899C00C6D6FF /* Build configuration list for PBXNativeTarget "RestaurantBookign" */;
			buildPhases = (
				F67CB11126E8899900C6D6FF /* Sources */,
				F67CB11226E8899900C6D6FF /* Frameworks */,
				F67CB11326E8899900C6D6FF /* Resources */,
			);
			buildRules = (
			);
			dependencies = (
			);
			name = RestaurantBookign;
			productName = RestaurantBookign;
			productReference = F67CB11526E8899900C6D6FF /* RestaurantBookign.app */;
			productType = "com.apple.product-type.application";
		};
/* End PBXNativeTarget section */

/* Begin PBXProject section */
		F67CB10D26E8899900C6D6FF /* Project object */ = {
			isa = PBXProject;
			attributes = {
				LastSwiftUpdateCheck = 1250;
				LastUpgradeCheck = 1250;
				TargetAttributes = {
					F67CB11426E8899900C6D6FF = {
						CreatedOnToolsVersion = 12.5.1;
					};
				};
			};
			buildConfigurationList = F67CB11026E8899900C6D6FF /* Build configuration list for PBXProject "RestaurantBookign" */;
			compatibilityVersion = "Xcode 9.3";
			developmentRegion = en;
			hasScannedForEncodings = 0;
			knownRegions = (
				en,
				Base,
			);
			mainGroup = F67CB10C26E8899900C6D6FF;
			productRefGroup = F67CB11626E8899900C6D6FF /* Products */;
			projectDirPath = "";
			projectRoot = "";
			targets = (
				F67CB11426E8899900C6D6FF /* RestaurantBookign */,
			);
		};
/* End PBXProject section */

/* Begin PBXResourcesBuildPhase section */
		F67CB11326E8899900C6D6FF /* Resources */ = {
			isa = PBXResourcesBuildPhase;
			buildActionMask = 2147483647;
			files = (
				F67CB12526E8899C00C6D6FF /* LaunchScreen.storyboard in Resources */,
				F67CB12226E8899C00C6D6FF /* Assets.xcassets in Resources */,
			);
			runOnlyForDeploymentPostprocessing = 0;
		};
/* End PBXResourcesBuildPhase section */

/* Begin PBXSourcesBuildPhase section */
		F67CB11126E8899900C6D6FF /* Sources */ = {
			isa = PBXSourcesBuildPhase;
			buildActionMask = 2147483647;
			files = (
				F67CB13426E8A36300C6D6FF /* FormField.swift in Sources */,
				F67CB14326E98C1900C6D6FF /* FormCompositionalLayout.swift in Sources */,
				F67CB11D26E8899900C6D6FF /* AddAppointmentViewController.swift in Sources */,
				F67CB13726E8DF1300C6D6FF /* UICollectionViewCell+Extension.swift in Sources */,
				F67CB13226E8A19C00C6D6FF /* FormContentBuilderImplementation.swift in Sources */,
				F67CB14626E99EFB00C6D6FF /* HomeScreenViewController.swift in Sources */,
				F67CB13F26E98BBE00C6D6FF /* FormDateCollectionViewCell.swift in Sources */,
				F67CB13A26E8E05000C6D6FF /* FormButtonCollectionViewCell.swift in Sources */,
				F67CB11926E8899900C6D6FF /* AppDelegate.swift in Sources */,
				F67CB11B26E8899900C6D6FF /* SceneDelegate.swift in Sources */,
				F67CB13D26E98B8A00C6D6FF /* FormTextCollectionViewCell.swift in Sources */,
				F67CB12F26E8975000C6D6FF /* FormModel.swift in Sources */,
			);
			runOnlyForDeploymentPostprocessing = 0;
		};
/* End PBXSourcesBuildPhase section */

/* Begin PBXVariantGroup section */
		F67CB12326E8899C00C6D6FF /* LaunchScreen.storyboard */ = {
			isa = PBXVariantGroup;
			children = (
				F67CB12426E8899C00C6D6FF /* Base */,
			);
			name = LaunchScreen.storyboard;
			sourceTree = "<group>";
		};
/* End PBXVariantGroup section */

/* Begin XCBuildConfiguration section */
		F67CB12726E8899C00C6D6FF /* Debug */ = {
			isa = XCBuildConfiguration;
			buildSettings = {
				ALWAYS_SEARCH_USER_PATHS = NO;
				CLANG_ANALYZER_NONNULL = YES;
				CLANG_ANALYZER_NUMBER_OBJECT_CONVERSION = YES_AGGRESSIVE;
				CLANG_CXX_LANGUAGE_STANDARD = "gnu++14";
				CLANG_CXX_LIBRARY = "libc++";
				CLANG_ENABLE_MODULES = YES;
				CLANG_ENABLE_OBJC_ARC = YES;
				CLANG_ENABLE_OBJC_WEAK = YES;
				CLANG_WARN_BLOCK_CAPTURE_AUTORELEASING = YES;
				CLANG_WARN_BOOL_CONVERSION = YES;
				CLANG_WARN_COMMA = YES;
				CLANG_WARN_CONSTANT_CONVERSION = YES;
				CLANG_WARN_DEPRECATED_OBJC_IMPLEMENTATIONS = YES;
				CLANG_WARN_DIRECT_OBJC_ISA_USAGE = YES_ERROR;
				CLANG_WARN_DOCUMENTATION_COMMENTS = YES;
				CLANG_WARN_EMPTY_BODY = YES;
				CLANG_WARN_ENUM_CONVERSION = YES;
				CLANG_WARN_INFINITE_RECURSION = YES;
				CLANG_WARN_INT_CONVERSION = YES;
				CLANG_WARN_NON_LITERAL_NULL_CONVERSION = YES;
				CLANG_WARN_OBJC_IMPLICIT_RETAIN_SELF = YES;
				CLANG_WARN_OBJC_LITERAL_CONVERSION = YES;
				CLANG_WARN_OBJC_ROOT_CLASS = YES_ERROR;
				CLANG_WARN_QUOTED_INCLUDE_IN_FRAMEWORK_HEADER = YES;
				CLANG_WARN_RANGE_LOOP_ANALYSIS = YES;
				CLANG_WARN_STRICT_PROTOTYPES = YES;
				CLANG_WARN_SUSPICIOUS_MOVE = YES;
				CLANG_WARN_UNGUARDED_AVAILABILITY = YES_AGGRESSIVE;
				CLANG_WARN_UNREACHABLE_CODE = YES;
				CLANG_WARN__DUPLICATE_METHOD_MATCH = YES;
				COPY_PHASE_STRIP = NO;
				DEBUG_INFORMATION_FORMAT = dwarf;
				ENABLE_STRICT_OBJC_MSGSEND = YES;
				ENABLE_TESTABILITY = YES;
				GCC_C_LANGUAGE_STANDARD = gnu11;
				GCC_DYNAMIC_NO_PIC = NO;
				GCC_NO_COMMON_BLOCKS = YES;
				GCC_OPTIMIZATION_LEVEL = 0;
				GCC_PREPROCESSOR_DEFINITIONS = (
					"DEBUG=1",
					"$(inherited)",
				);
				GCC_WARN_64_TO_32_BIT_CONVERSION = YES;
				GCC_WARN_ABOUT_RETURN_TYPE = YES_ERROR;
				GCC_WARN_UNDECLARED_SELECTOR = YES;
				GCC_WARN_UNINITIALIZED_AUTOS = YES_AGGRESSIVE;
				GCC_WARN_UNUSED_FUNCTION = YES;
				GCC_WARN_UNUSED_VARIABLE = YES;
				IPHONEOS_DEPLOYMENT_TARGET = 13.0;
				MTL_ENABLE_DEBUG_INFO = INCLUDE_SOURCE;
				MTL_FAST_MATH = YES;
				ONLY_ACTIVE_ARCH = YES;
				SDKROOT = iphoneos;
				SWIFT_ACTIVE_COMPILATION_CONDITIONS = DEBUG;
				SWIFT_OPTIMIZATION_LEVEL = "-Onone";
			};
			name = Debug;
		};
		F67CB12826E8899C00C6D6FF /* Release */ = {
			isa = XCBuildConfiguration;
			buildSettings = {
				ALWAYS_SEARCH_USER_PATHS = NO;
				CLANG_ANALYZER_NONNULL = YES;
				CLANG_ANALYZER_NUMBER_OBJECT_CONVERSION = YES_AGGRESSIVE;
				CLANG_CXX_LANGUAGE_STANDARD = "gnu++14";
				CLANG_CXX_LIBRARY = "libc++";
				CLANG_ENABLE_MODULES = YES;
				CLANG_ENABLE_OBJC_ARC = YES;
				CLANG_ENABLE_OBJC_WEAK = YES;
				CLANG_WARN_BLOCK_CAPTURE_AUTORELEASING = YES;
				CLANG_WARN_BOOL_CONVERSION = YES;
				CLANG_WARN_COMMA = YES;
				CLANG_WARN_CONSTANT_CONVERSION = YES;
				CLANG_WARN_DEPRECATED_OBJC_IMPLEMENTATIONS = YES;
				CLANG_WARN_DIRECT_OBJC_ISA_USAGE = YES_ERROR;
				CLANG_WARN_DOCUMENTATION_COMMENTS = YES;
				CLANG_WARN_EMPTY_BODY = YES;
				CLANG_WARN_ENUM_CONVERSION = YES;
				CLANG_WARN_INFINITE_RECURSION = YES;
				CLANG_WARN_INT_CONVERSION = YES;
				CLANG_WARN_NON_LITERAL_NULL_CONVERSION = YES;
				CLANG_WARN_OBJC_IMPLICIT_RETAIN_SELF = YES;
				CLANG_WARN_OBJC_LITERAL_CONVERSION = YES;
				CLANG_WARN_OBJC_ROOT_CLASS = YES_ERROR;
				CLANG_WARN_QUOTED_INCLUDE_IN_FRAMEWORK_HEADER = YES;
				CLANG_WARN_RANGE_LOOP_ANALYSIS = YES;
				CLANG_WARN_STRICT_PROTOTYPES = YES;
				CLANG_WARN_SUSPICIOUS_MOVE = YES;
				CLANG_WARN_UNGUARDED_AVAILABILITY = YES_AGGRESSIVE;
				CLANG_WARN_UNREACHABLE_CODE = YES;
				CLANG_WARN__DUPLICATE_METHOD_MATCH = YES;
				COPY_PHASE_STRIP = NO;
				DEBUG_INFORMATION_FORMAT = "dwarf-with-dsym";
				ENABLE_NS_ASSERTIONS = NO;
				ENABLE_STRICT_OBJC_MSGSEND = YES;
				GCC_C_LANGUAGE_STANDARD = gnu11;
				GCC_NO_COMMON_BLOCKS = YES;
				GCC_WARN_64_TO_32_BIT_CONVERSION = YES;
				GCC_WARN_ABOUT_RETURN_TYPE = YES_ERROR;
				GCC_WARN_UNDECLARED_SELECTOR = YES;
				GCC_WARN_UNINITIALIZED_AUTOS = YES_AGGRESSIVE;
				GCC_WARN_UNUSED_FUNCTION = YES;
				GCC_WARN_UNUSED_VARIABLE = YES;
				IPHONEOS_DEPLOYMENT_TARGET = 13.0;
				MTL_ENABLE_DEBUG_INFO = NO;
				MTL_FAST_MATH = YES;
				SDKROOT = iphoneos;
				SWIFT_COMPILATION_MODE = wholemodule;
				SWIFT_OPTIMIZATION_LEVEL = "-O";
				VALIDATE_PRODUCT = YES;
			};
			name = Release;
		};
		F67CB12A26E8899C00C6D6FF /* Debug */ = {
			isa = XCBuildConfiguration;
			buildSettings = {
				ASSETCATALOG_COMPILER_APPICON_NAME = AppIcon;
				ASSETCATALOG_COMPILER_GLOBAL_ACCENT_COLOR_NAME = AccentColor;
				CODE_SIGN_STYLE = Automatic;
				DEVELOPMENT_TEAM = 7TCT482N32;
				INFOPLIST_FILE = RestaurantBookign/Info.plist;
				IPHONEOS_DEPLOYMENT_TARGET = 13.0;
				LD_RUNPATH_SEARCH_PATHS = (
					"$(inherited)",
					"@executable_path/Frameworks",
				);
				PRODUCT_BUNDLE_IDENTIFIER = com.chazzit.RestaurantBookign;
				PRODUCT_NAME = "$(TARGET_NAME)";
				SWIFT_VERSION = 5.0;
				TARGETED_DEVICE_FAMILY = "1,2";
			};
			name = Debug;
		};
		F67CB12B26E8899C00C6D6FF /* Release */ = {
			isa = XCBuildConfiguration;
			buildSettings = {
				ASSETCATALOG_COMPILER_APPICON_NAME = AppIcon;
				ASSETCATALOG_COMPILER_GLOBAL_ACCENT_COLOR_NAME = AccentColor;
				CODE_SIGN_STYLE = Automatic;
				DEVELOPMENT_TEAM = 7TCT482N32;
				INFOPLIST_FILE = RestaurantBookign/Info.plist;
				IPHONEOS_DEPLOYMENT_TARGET = 13.0;
				LD_RUNPATH_SEARCH_PATHS = (
					"$(inherited)",
					"@executable_path/Frameworks",
				);
				PRODUCT_BUNDLE_IDENTIFIER = com.chazzit.RestaurantBookign;
				PRODUCT_NAME = "$(TARGET_NAME)";
				SWIFT_VERSION = 5.0;
				TARGETED_DEVICE_FAMILY = "1,2";
			};
			name = Release;
		};
/* End XCBuildConfiguration section */

/* Begin XCConfigurationList section */
		F67CB11026E8899900C6D6FF /* Build configuration list for PBXProject "RestaurantBookign" */ = {
			isa = XCConfigurationList;
			buildConfigurations = (
				F67CB12726E8899C00C6D6FF /* Debug */,
				F67CB12826E8899C00C6D6FF /* Release */,
			);
			defaultConfigurationIsVisible = 0;
			defaultConfigurationName = Release;
		};
		F67CB12926E8899C00C6D6FF /* Build configuration list for PBXNativeTarget "RestaurantBookign" */ = {
			isa = XCConfigurationList;
			buildConfigurations = (
				F67CB12A26E8899C00C6D6FF /* Debug */,
				F67CB12B26E8899C00C6D6FF /* Release */,
			);
			defaultConfigurationIsVisible = 0;
			defaultConfigurationName = Release;
		};
/* End XCConfigurationList section */
	};
	rootObject = F67CB10D26E8899900C6D6FF /* Project object */;
}
